// !$*UTF8*$!
{
	archiveVersion = 1;
	classes = {
	};
	objectVersion = 46;
	objects = {

/* Begin PBXBuildFile section */
		F72B23AD1C4EE10D00FCA171 /* main.m in Sources */ = {isa = PBXBuildFile; fileRef = F72B23AC1C4EE10D00FCA171 /* main.m */; };
		F72B23B01C4EE10D00FCA171 /* AppDelegate.m in Sources */ = {isa = PBXBuildFile; fileRef = F72B23AF1C4EE10D00FCA171 /* AppDelegate.m */; };
		F72B23B31C4EE10D00FCA171 /* ViewController.m in Sources */ = {isa = PBXBuildFile; fileRef = F72B23B21C4EE10D00FCA171 /* ViewController.m */; };
		F72B23B61C4EE10D00FCA171 /* Main.storyboard in Resources */ = {isa = PBXBuildFile; fileRef = F72B23B41C4EE10D00FCA171 /* Main.storyboard */; };
		F72B23B81C4EE10D00FCA171 /* Assets.xcassets in Resources */ = {isa = PBXBuildFile; fileRef = F72B23B71C4EE10D00FCA171 /* Assets.xcassets */; };
		F72B23BB1C4EE10D00FCA171 /* LaunchScreen.storyboard in Resources */ = {isa = PBXBuildFile; fileRef = F72B23B91C4EE10D00FCA171 /* LaunchScreen.storyboard */; };
/* End PBXBuildFile section */

/* Begin PBXFileReference section */
		F72B23A81C4EE10D00FCA171 /* whosDown.app */ = {isa = PBXFileReference; explicitFileType = wrapper.application; includeInIndex = 0; path = whosDown.app; sourceTree = BUILT_PRODUCTS_DIR; };
		F72B23AC1C4EE10D00FCA171 /* main.m */ = {isa = PBXFileReference; lastKnownFileType = sourcecode.c.objc; path = main.m; sourceTree = "<group>"; };
		F72B23AE1C4EE10D00FCA171 /* AppDelegate.h */ = {isa = PBXFileReference; lastKnownFileType = sourcecode.c.h; path = AppDelegate.h; sourceTree = "<group>"; };
		F72B23AF1C4EE10D00FCA171 /* AppDelegate.m */ = {isa = PBXFileReference; lastKnownFileType = sourcecode.c.objc; path = AppDelegate.m; sourceTree = "<group>"; };
		F72B23B11C4EE10D00FCA171 /* ViewController.h */ = {isa = PBXFileReference; lastKnownFileType = sourcecode.c.h; path = ViewController.h; sourceTree = "<group>"; };
		F72B23B21C4EE10D00FCA171 /* ViewController.m */ = {isa = PBXFileReference; lastKnownFileType = sourcecode.c.objc; path = ViewController.m; sourceTree = "<group>"; };
		F72B23B51C4EE10D00FCA171 /* Base */ = {isa = PBXFileReference; lastKnownFileType = file.storyboard; name = Base; path = Base.lproj/Main.storyboard; sourceTree = "<group>"; };
		F72B23B71C4EE10D00FCA171 /* Assets.xcassets */ = {isa = PBXFileReference; lastKnownFileType = folder.assetcatalog; path = Assets.xcassets; sourceTree = "<group>"; };
		F72B23BA1C4EE10D00FCA171 /* Base */ = {isa = PBXFileReference; lastKnownFileType = file.storyboard; name = Base; path = Base.lproj/LaunchScreen.storyboard; sourceTree = "<group>"; };
		F72B23BC1C4EE10D00FCA171 /* Info.plist */ = {isa = PBXFileReference; lastKnownFileType = text.plist.xml; path = Info.plist; sourceTree = "<group>"; };
/* End PBXFileReference section */

/* Begin PBXFrameworksBuildPhase section */
		F72B23A51C4EE10D00FCA171 /* Frameworks */ = {
			isa = PBXFrameworksBuildPhase;
			buildActionMask = 2147483647;
			files = (
			);
			runOnlyForDeploymentPostprocessing = 0;
		};
/* End PBXFrameworksBuildPhase section */

/* Begin PBXGroup section */
		F72B239F1C4EE10D00FCA171 = {
			isa = PBXGroup;
			children = (
				F72B23AA1C4EE10D00FCA171 /* whosDown */,
				F72B23A91C4EE10D00FCA171 /* Products */,
			);
			sourceTree = "<group>";
		};
		F72B23A91C4EE10D00FCA171 /* Products */ = {
			isa = PBXGroup;
			children = (
				F72B23A81C4EE10D00FCA171 /* whosDown.app */,
			);
			name = Products;
			sourceTree = "<group>";
		};
		F72B23AA1C4EE10D00FCA171 /* whosDown */ = {
			isa = PBXGroup;
			children = (
				F72B23AE1C4EE10D00FCA171 /* AppDelegate.h */,
				F72B23AF1C4EE10D00FCA171 /* AppDelegate.m */,
				F72B23B11C4EE10D00FCA171 /* ViewController.h */,
				F72B23B21C4EE10D00FCA171 /* ViewController.m */,
				F72B23B41C4EE10D00FCA171 /* Main.storyboard */,
				F72B23B71C4EE10D00FCA171 /* Assets.xcassets */,
				F72B23B91C4EE10D00FCA171 /* LaunchScreen.storyboard */,
				F72B23BC1C4EE10D00FCA171 /* Info.plist */,
				F72B23AB1C4EE10D00FCA171 /* Supporting Files */,
			);
			path = whosDown;
			sourceTree = "<group>";
		};
		F72B23AB1C4EE10D00FCA171 /* Supporting Files */ = {
			isa = PBXGroup;
			children = (
				F72B23AC1C4EE10D00FCA171 /* main.m */,
			);
			name = "Supporting Files";
			sourceTree = "<group>";
		};
/* End PBXGroup section */

/* Begin PBXNativeTarget section */
		F72B23A71C4EE10D00FCA171 /* whosDown */ = {
			isa = PBXNativeTarget;
			buildConfigurationList = F72B23BF1C4EE10D00FCA171 /* Build configuration list for PBXNativeTarget "whosDown" */;
			buildPhases = (
				F72B23A41C4EE10D00FCA171 /* Sources */,
				F72B23A51C4EE10D00FCA171 /* Frameworks */,
				F72B23A61C4EE10D00FCA171 /* Resources */,
			);
			buildRules = (
			);
			dependencies = (
			);
			name = whosDown;
			productName = whosDown;
			productReference = F72B23A81C4EE10D00FCA171 /* whosDown.app */;
			productType = "com.apple.product-type.application";
		};
/* End PBXNativeTarget section */

/* Begin PBXProject section */
		F72B23A01C4EE10D00FCA171 /* Project object */ = {
			isa = PBXProject;
			attributes = {
				LastUpgradeCheck = 0720;
				ORGANIZATIONNAME = Christella;
				TargetAttributes = {
					F72B23A71C4EE10D00FCA171 = {
						CreatedOnToolsVersion = 7.2;
						DevelopmentTeam = 9WQ49EN2U5;
					};
				};
			};
			buildConfigurationList = F72B23A31C4EE10D00FCA171 /* Build configuration list for PBXProject "whosDown" */;
			compatibilityVersion = "Xcode 3.2";
			developmentRegion = English;
			hasScannedForEncodings = 0;
			knownRegions = (
				en,
				Base,
			);
			mainGroup = F72B239F1C4EE10D00FCA171;
			productRefGroup = F72B23A91C4EE10D00FCA171 /* Products */;
			projectDirPath = "";
			projectRoot = "";
			targets = (
				F72B23A71C4EE10D00FCA171 /* whosDown */,
			);
		};
/* End PBXProject section */

/* Begin PBXResourcesBuildPhase section */
		F72B23A61C4EE10D00FCA171 /* Resources */ = {
			isa = PBXResourcesBuildPhase;
			buildActionMask = 2147483647;
			files = (
				F72B23BB1C4EE10D00FCA171 /* LaunchScreen.storyboard in Resources */,
				F72B23B81C4EE10D00FCA171 /* Assets.xcassets in Resources */,
				F72B23B61C4EE10D00FCA171 /* Main.storyboard in Resources */,
			);
			runOnlyForDeploymentPostprocessing = 0;
		};
/* End PBXResourcesBuildPhase section */

/* Begin PBXSourcesBuildPhase section */
		F72B23A41C4EE10D00FCA171 /* Sources */ = {
			isa = PBXSourcesBuildPhase;
			buildActionMask = 2147483647;
			files = (
				F72B23B31C4EE10D00FCA171 /* ViewController.m in Sources */,
				F72B23B01C4EE10D00FCA171 /* AppDelegate.m in Sources */,
				F72B23AD1C4EE10D00FCA171 /* main.m in Sources */,
			);
			runOnlyForDeploymentPostprocessing = 0;
		};
/* End PBXSourcesBuildPhase section */

/* Begin PBXVariantGroup section */
		F72B23B41C4EE10D00FCA171 /* Main.storyboard */ = {
			isa = PBXVariantGroup;
			children = (
				F72B23B51C4EE10D00FCA171 /* Base */,
			);
			name = Main.storyboard;
			sourceTree = "<group>";
		};
		F72B23B91C4EE10D00FCA171 /* LaunchScreen.storyboard */ = {
			isa = PBXVariantGroup;
			children = (
				F72B23BA1C4EE10D00FCA171 /* Base */,
			);
			name = LaunchScreen.storyboard;
			sourceTree = "<group>";
		};
/* End PBXVariantGroup section */

/* Begin XCBuildConfiguration section */
		F72B23BD1C4EE10D00FCA171 /* Debug */ = {
			isa = XCBuildConfiguration;
			buildSettings = {
				ALWAYS_SEARCH_USER_PATHS = NO;
				CLANG_CXX_LANGUAGE_STANDARD = "gnu++0x";
				CLANG_CXX_LIBRARY = "libc++";
				CLANG_ENABLE_MODULES = YES;
				CLANG_ENABLE_OBJC_ARC = YES;
				CLANG_WARN_BOOL_CONVERSION = YES;
				CLANG_WARN_CONSTANT_CONVERSION = YES;
				CLANG_WARN_DIRECT_OBJC_ISA_USAGE = YES_ERROR;
				CLANG_WARN_EMPTY_BODY = YES;
				CLANG_WARN_ENUM_CONVERSION = YES;
				CLANG_WARN_INT_CONVERSION = YES;
				CLANG_WARN_OBJC_ROOT_CLASS = YES_ERROR;
				CLANG_WARN_UNREACHABLE_CODE = YES;
				CLANG_WARN__DUPLICATE_METHOD_MATCH = YES;
				"CODE_SIGN_IDENTITY[sdk=iphoneos*]" = "iPhone Developer";
				COPY_PHASE_STRIP = NO;
				DEBUG_INFORMATION_FORMAT = dwarf;
				ENABLE_STRICT_OBJC_MSGSEND = YES;
				ENABLE_TESTABILITY = YES;
				GCC_C_LANGUAGE_STANDARD = gnu99;
				GCC_DYNAMIC_NO_PIC = NO;
				GCC_NO_COMMON_BLOCKS = YES;
				GCC_OPTIMIZATION_LEVEL = 0;
				GCC_PREPROCESSOR_DEFINITIONS = (
					"DEBUG=1",
					"$(inherited)",
				);
				GCC_WARN_64_TO_32_BIT_CONVERSION = YES;
				GCC_WARN_ABOUT_RETURN_TYPE = YES_ERROR;
				GCC_WARN_UNDECLARED_SELECTOR = YES;
				GCC_WARN_UNINITIALIZED_AUTOS = YES_AGGRESSIVE;
				GCC_WARN_UNUSED_FUNCTION = YES;
				GCC_WARN_UNUSED_VARIABLE = YES;
				IPHONEOS_DEPLOYMENT_TARGET = 9.2;
				MTL_ENABLE_DEBUG_INFO = YES;
				ONLY_ACTIVE_ARCH = YES;
				SDKROOT = iphoneos;
				TARGETED_DEVICE_FAMILY = "1,2";
			};
			name = Debug;
		};
		F72B23BE1C4EE10D00FCA171 /* Release */ = {
			isa = XCBuildConfiguration;
			buildSettings = {
				ALWAYS_SEARCH_USER_PATHS = NO;
				CLANG_CXX_LANGUAGE_STANDARD = "gnu++0x";
				CLANG_CXX_LIBRARY = "libc++";
				CLANG_ENABLE_MODULES = YES;
				CLANG_ENABLE_OBJC_ARC = YES;
				CLANG_WARN_BOOL_CONVERSION = YES;
				CLANG_WARN_CONSTANT_CONVERSION = YES;
				CLANG_WARN_DIRECT_OBJC_ISA_USAGE = YES_ERROR;
				CLANG_WARN_EMPTY_BODY = YES;
				CLANG_WARN_ENUM_CONVERSION = YES;
				CLANG_WARN_INT_CONVERSION = YES;
				CLANG_WARN_OBJC_ROOT_CLASS = YES_ERROR;
				CLANG_WARN_UNREACHABLE_CODE = YES;
				CLANG_WARN__DUPLICATE_METHOD_MATCH = YES;
				"CODE_SIGN_IDENTITY[sdk=iphoneos*]" = "iPhone Developer";
				COPY_PHASE_STRIP = NO;
				DEBUG_INFORMATION_FORMAT = "dwarf-with-dsym";
				ENABLE_NS_ASSERTIONS = NO;
				ENABLE_STRICT_OBJC_MSGSEND = YES;
				GCC_C_LANGUAGE_STANDARD = gnu99;
				GCC_NO_COMMON_BLOCKS = YES;
				GCC_WARN_64_TO_32_BIT_CONVERSION = YES;
				GCC_WARN_ABOUT_RETURN_TYPE = YES_ERROR;
				GCC_WARN_UNDECLARED_SELECTOR = YES;
				GCC_WARN_UNINITIALIZED_AUTOS = YES_AGGRESSIVE;
				GCC_WARN_UNUSED_FUNCTION = YES;
				GCC_WARN_UNUSED_VARIABLE = YES;
				IPHONEOS_DEPLOYMENT_TARGET = 9.2;
				MTL_ENABLE_DEBUG_INFO = NO;
				SDKROOT = iphoneos;
				TARGETED_DEVICE_FAMILY = "1,2";
				VALIDATE_PRODUCT = YES;
			};
			name = Release;
		};
		F72B23C01C4EE10D00FCA171 /* Debug */ = {
			isa = XCBuildConfiguration;
			buildSettings = {
				ASSETCATALOG_COMPILER_APPICON_NAME = AppIcon;
				INFOPLIST_FILE = whosDown/Info.plist;
				LD_RUNPATH_SEARCH_PATHS = "$(inherited) @executable_path/Frameworks";
				PRODUCT_BUNDLE_IDENTIFIER = com.christella.whosDown;
				PRODUCT_NAME = "$(TARGET_NAME)";
			};
			name = Debug;
		};
		F72B23C11C4EE10D00FCA171 /* Release */ = {
			isa = XCBuildConfiguration;
			buildSettings = {
				ASSETCATALOG_COMPILER_APPICON_NAME = AppIcon;
				INFOPLIST_FILE = whosDown/Info.plist;
				LD_RUNPATH_SEARCH_PATHS = "$(inherited) @executable_path/Frameworks";
				PRODUCT_BUNDLE_IDENTIFIER = com.christella.whosDown;
				PRODUCT_NAME = "$(TARGET_NAME)";
			};
			name = Release;
		};
/* End XCBuildConfiguration section */

/* Begin XCConfigurationList section */
		F72B23A31C4EE10D00FCA171 /* Build configuration list for PBXProject "whosDown" */ = {
			isa = XCConfigurationList;
			buildConfigurations = (
				F72B23BD1C4EE10D00FCA171 /* Debug */,
				F72B23BE1C4EE10D00FCA171 /* Release */,
			);
			defaultConfigurationIsVisible = 0;
			defaultConfigurationName = Release;
		};
		F72B23BF1C4EE10D00FCA171 /* Build configuration list for PBXNativeTarget "whosDown" */ = {
			isa = XCConfigurationList;
			buildConfigurations = (
				F72B23C01C4EE10D00FCA171 /* Debug */,
				F72B23C11C4EE10D00FCA171 /* Release */,
			);
			defaultConfigurationIsVisible = 0;
		};
/* End XCConfigurationList section */
	};
	rootObject = F72B23A01C4EE10D00FCA171 /* Project object */;
}
